
Microsoft Visual Studio Solution File, Format Version 12.00
# Visual Studio Version 17
VisualStudioVersion = 17.9.34723.18
MinimumVisualStudioVersion = 10.0.40219.1
Project("{9A19103F-16F7-4668-BE54-9A1E7A4F7556}") = "02.FirstTest", "02.FirstTest\02.FirstTest.csproj", "{24342328-C7CA-4BAD-B086-CFFA1B5AFF60}"
EndProject
Project("{FAE04EC0-301F-11D3-BF4B-00C04F79EFBC}") = "03.PracticeLocators", "03.PracticeLocators\03.PracticeLocators.csproj", "{E78885C6-6F9B-4F56-B978-B3BADB1FC8CE}"
EndProject
Project("{FAE04EC0-301F-11D3-BF4B-00C04F79EFBC}") = "04.PracticeLocatorsExtended", "04.PracticeLocatorsExtended\04.PracticeLocatorsExtended.csproj", "{F82CC9FE-FC77-4F61-B897-3E6794188019}"
EndProject
Project("{FAE04EC0-301F-11D3-BF4B-00C04F79EFBC}") = "05.TestFormSubmission", "05.TestFormSubmission\05.TestFormSubmission.csproj", "{0EF41325-B078-403F-96BE-A6D6AEABE49F}"
EndProject
Project("{FAE04EC0-301F-11D3-BF4B-00C04F79EFBC}") = "06.HeadlessMode", "06.HeadlessMode\06.HeadlessMode.csproj", "{70100554-FC98-4EB3-9F52-0AC52183B444}"
EndProject
Global
	GlobalSection(SolutionConfigurationPlatforms) = preSolution
		Debug|Any CPU = Debug|Any CPU
		Release|Any CPU = Release|Any CPU
	EndGlobalSection
	GlobalSection(ProjectConfigurationPlatforms) = postSolution
		{24342328-C7CA-4BAD-B086-CFFA1B5AFF60}.Debug|Any CPU.ActiveCfg = Debug|Any CPU
		{24342328-C7CA-4BAD-B086-CFFA1B5AFF60}.Debug|Any CPU.Build.0 = Debug|Any CPU
		{24342328-C7CA-4BAD-B086-CFFA1B5AFF60}.Release|Any CPU.ActiveCfg = Release|Any CPU
		{24342328-C7CA-4BAD-B086-CFFA1B5AFF60}.Release|Any CPU.Build.0 = Release|Any CPU
		{E78885C6-6F9B-4F56-B978-B3BADB1FC8CE}.Debug|Any CPU.ActiveCfg = Debug|Any CPU
		{E78885C6-6F9B-4F56-B978-B3BADB1FC8CE}.Debug|Any CPU.Build.0 = Debug|Any CPU
		{E78885C6-6F9B-4F56-B978-B3BADB1FC8CE}.Release|Any CPU.ActiveCfg = Release|Any CPU
		{E78885C6-6F9B-4F56-B978-B3BADB1FC8CE}.Release|Any CPU.Build.0 = Release|Any CPU
		{F82CC9FE-FC77-4F61-B897-3E6794188019}.Debug|Any CPU.ActiveCfg = Debug|Any CPU
		{F82CC9FE-FC77-4F61-B897-3E6794188019}.Debug|Any CPU.Build.0 = Debug|Any CPU
		{F82CC9FE-FC77-4F61-B897-3E6794188019}.Release|Any CPU.ActiveCfg = Release|Any CPU
		{F82CC9FE-FC77-4F61-B897-3E6794188019}.Release|Any CPU.Build.0 = Release|Any CPU
		{0EF41325-B078-403F-96BE-A6D6AEABE49F}.Debug|Any CPU.ActiveCfg = Debug|Any CPU
		{0EF41325-B078-403F-96BE-A6D6AEABE49F}.Debug|Any CPU.Build.0 = Debug|Any CPU
		{0EF41325-B078-403F-96BE-A6D6AEABE49F}.Release|Any CPU.ActiveCfg = Release|Any CPU
		{0EF41325-B078-403F-96BE-A6D6AEABE49F}.Release|Any CPU.Build.0 = Release|Any CPU
		{70100554-FC98-4EB3-9F52-0AC52183B444}.Debug|Any CPU.ActiveCfg = Debug|Any CPU
		{70100554-FC98-4EB3-9F52-0AC52183B444}.Debug|Any CPU.Build.0 = Debug|Any CPU
		{70100554-FC98-4EB3-9F52-0AC52183B444}.Release|Any CPU.ActiveCfg = Release|Any CPU
		{70100554-FC98-4EB3-9F52-0AC52183B444}.Release|Any CPU.Build.0 = Release|Any CPU
	EndGlobalSection
	GlobalSection(SolutionProperties) = preSolution
		HideSolutionNode = FALSE
	EndGlobalSection
	GlobalSection(ExtensibilityGlobals) = postSolution
		SolutionGuid = {A7B36736-D433-4536-9A80-7FC9FB61747F}
	EndGlobalSection
EndGlobal
