
Microsoft Visual Studio Solution File, Format Version 12.00
# Visual Studio Version 17
VisualStudioVersion = 17.9.34723.18
MinimumVisualStudioVersion = 10.0.40219.1
Project("{9A19103F-16F7-4668-BE54-9A1E7A4F7556}") = "01.HandlingFormInput", "01.HandlingFormInput\01.HandlingFormInput.csproj", "{9DE1797A-8EAC-4A57-BD28-91E50BB75093}"
EndProject
Project("{9A19103F-16F7-4668-BE54-9A1E7A4F7556}") = "02.WorkingWithWebTables", "02.WorkingWithWebTables\02.WorkingWithWebTables.csproj", "{2D2B068F-5207-4537-B814-F464A10FB089}"
EndProject
Project("{FAE04EC0-301F-11D3-BF4B-00C04F79EFBC}") = "03.Drop-downPractice", "03.Drop-downPractice\03.Drop-downPractice.csproj", "{C34DD4DC-F649-48BB-A483-4082FF7CAB76}"
EndProject
Project("{FAE04EC0-301F-11D3-BF4B-00C04F79EFBC}") = "04.Data-DrivenTests", "04.Data-DrivenTests\04.Data-DrivenTests.csproj", "{42D5D243-A13D-4391-A9FF-67D3A9DE3AAE}"
EndProject
Global
	GlobalSection(SolutionConfigurationPlatforms) = preSolution
		Debug|Any CPU = Debug|Any CPU
		Release|Any CPU = Release|Any CPU
	EndGlobalSection
	GlobalSection(ProjectConfigurationPlatforms) = postSolution
		{9DE1797A-8EAC-4A57-BD28-91E50BB75093}.Debug|Any CPU.ActiveCfg = Debug|Any CPU
		{9DE1797A-8EAC-4A57-BD28-91E50BB75093}.Debug|Any CPU.Build.0 = Debug|Any CPU
		{9DE1797A-8EAC-4A57-BD28-91E50BB75093}.Release|Any CPU.ActiveCfg = Release|Any CPU
		{9DE1797A-8EAC-4A57-BD28-91E50BB75093}.Release|Any CPU.Build.0 = Release|Any CPU
		{2D2B068F-5207-4537-B814-F464A10FB089}.Debug|Any CPU.ActiveCfg = Debug|Any CPU
		{2D2B068F-5207-4537-B814-F464A10FB089}.Debug|Any CPU.Build.0 = Debug|Any CPU
		{2D2B068F-5207-4537-B814-F464A10FB089}.Release|Any CPU.ActiveCfg = Release|Any CPU
		{2D2B068F-5207-4537-B814-F464A10FB089}.Release|Any CPU.Build.0 = Release|Any CPU
		{C34DD4DC-F649-48BB-A483-4082FF7CAB76}.Debug|Any CPU.ActiveCfg = Debug|Any CPU
		{C34DD4DC-F649-48BB-A483-4082FF7CAB76}.Debug|Any CPU.Build.0 = Debug|Any CPU
		{C34DD4DC-F649-48BB-A483-4082FF7CAB76}.Release|Any CPU.ActiveCfg = Release|Any CPU
		{C34DD4DC-F649-48BB-A483-4082FF7CAB76}.Release|Any CPU.Build.0 = Release|Any CPU
		{42D5D243-A13D-4391-A9FF-67D3A9DE3AAE}.Debug|Any CPU.ActiveCfg = Debug|Any CPU
		{42D5D243-A13D-4391-A9FF-67D3A9DE3AAE}.Debug|Any CPU.Build.0 = Debug|Any CPU
		{42D5D243-A13D-4391-A9FF-67D3A9DE3AAE}.Release|Any CPU.ActiveCfg = Release|Any CPU
		{42D5D243-A13D-4391-A9FF-67D3A9DE3AAE}.Release|Any CPU.Build.0 = Release|Any CPU
	EndGlobalSection
	GlobalSection(SolutionProperties) = preSolution
		HideSolutionNode = FALSE
	EndGlobalSection
	GlobalSection(ExtensibilityGlobals) = postSolution
		SolutionGuid = {A8723B9C-9FAA-401E-AFC6-EB0BB56AB55F}
	EndGlobalSection
EndGlobal
