
Microsoft Visual Studio Solution File, Format Version 12.00
# Visual Studio Version 17
VisualStudioVersion = 17.9.34723.18
MinimumVisualStudioVersion = 10.0.40219.1
Project("{9A19103F-16F7-4668-BE54-9A1E7A4F7556}") = "CarProject", "CarProject.csproj", "{88C04BC6-4AED-49A9-90B6-5DB8412EE824}"
EndProject
Global
	GlobalSection(SolutionConfigurationPlatforms) = preSolution
		Debug|Any CPU = Debug|Any CPU
		Release|Any CPU = Release|Any CPU
	EndGlobalSection
	GlobalSection(ProjectConfigurationPlatforms) = postSolution
		{88C04BC6-4AED-49A9-90B6-5DB8412EE824}.Debug|Any CPU.ActiveCfg = Debug|Any CPU
		{88C04BC6-4AED-49A9-90B6-5DB8412EE824}.Debug|Any CPU.Build.0 = Debug|Any CPU
		{88C04BC6-4AED-49A9-90B6-5DB8412EE824}.Release|Any CPU.ActiveCfg = Release|Any CPU
		{88C04BC6-4AED-49A9-90B6-5DB8412EE824}.Release|Any CPU.Build.0 = Release|Any CPU
	EndGlobalSection
	GlobalSection(SolutionProperties) = preSolution
		HideSolutionNode = FALSE
	EndGlobalSection
	GlobalSection(ExtensibilityGlobals) = postSolution
		SolutionGuid = {FE05523E-D340-4EC7-AAEA-D3972647FF4D}
	EndGlobalSection
EndGlobal
