
Microsoft Visual Studio Solution File, Format Version 12.00
# Visual Studio Version 17
VisualStudioVersion = 17.9.34723.18
MinimumVisualStudioVersion = 10.0.40219.1
Project("{9A19103F-16F7-4668-BE54-9A1E7A4F7556}") = "SummatorPOM", "SummatorPOM\SummatorPOM.csproj", "{9F05B67D-617D-463A-95CF-8D06EFB9488A}"
EndProject
Project("{FAE04EC0-301F-11D3-BF4B-00C04F79EFBC}") = "ColorNoteApp", "ColorNoteApp\ColorNoteApp.csproj", "{BC585BFF-A7B4-46B2-9760-E97099141F9A}"
EndProject
Global
	GlobalSection(SolutionConfigurationPlatforms) = preSolution
		Debug|Any CPU = Debug|Any CPU
		Release|Any CPU = Release|Any CPU
	EndGlobalSection
	GlobalSection(ProjectConfigurationPlatforms) = postSolution
		{9F05B67D-617D-463A-95CF-8D06EFB9488A}.Debug|Any CPU.ActiveCfg = Debug|Any CPU
		{9F05B67D-617D-463A-95CF-8D06EFB9488A}.Debug|Any CPU.Build.0 = Debug|Any CPU
		{9F05B67D-617D-463A-95CF-8D06EFB9488A}.Release|Any CPU.ActiveCfg = Release|Any CPU
		{9F05B67D-617D-463A-95CF-8D06EFB9488A}.Release|Any CPU.Build.0 = Release|Any CPU
		{BC585BFF-A7B4-46B2-9760-E97099141F9A}.Debug|Any CPU.ActiveCfg = Debug|Any CPU
		{BC585BFF-A7B4-46B2-9760-E97099141F9A}.Debug|Any CPU.Build.0 = Debug|Any CPU
		{BC585BFF-A7B4-46B2-9760-E97099141F9A}.Release|Any CPU.ActiveCfg = Release|Any CPU
		{BC585BFF-A7B4-46B2-9760-E97099141F9A}.Release|Any CPU.Build.0 = Release|Any CPU
	EndGlobalSection
	GlobalSection(SolutionProperties) = preSolution
		HideSolutionNode = FALSE
	EndGlobalSection
	GlobalSection(ExtensibilityGlobals) = postSolution
		SolutionGuid = {98C294B0-C207-4C79-8A4E-50FC6328E104}
	EndGlobalSection
EndGlobal
