
Microsoft Visual Studio Solution File, Format Version 12.00
# Visual Studio Version 17
VisualStudioVersion = 17.9.34723.18
MinimumVisualStudioVersion = 10.0.40219.1
Project("{FAE04EC0-301F-11D3-BF4B-00C04F79EFBC}") = "01.MagicNumbers", "01.MagicNumbers\01.MagicNumbers.csproj", "{7C3452D4-FB6A-431C-9DD1-41D2A62879D2}"
EndProject
Project("{FAE04EC0-301F-11D3-BF4B-00C04F79EFBC}") = "02.MinMaxValues", "02.MinMaxValues\02.MinMaxValues.csproj", "{D2C961CA-D3F8-4FA9-ACD7-73F7DC612EE2}"
EndProject
Global
	GlobalSection(SolutionConfigurationPlatforms) = preSolution
		Debug|Any CPU = Debug|Any CPU
		Release|Any CPU = Release|Any CPU
	EndGlobalSection
	GlobalSection(ProjectConfigurationPlatforms) = postSolution
		{7C3452D4-FB6A-431C-9DD1-41D2A62879D2}.Debug|Any CPU.ActiveCfg = Debug|Any CPU
		{7C3452D4-FB6A-431C-9DD1-41D2A62879D2}.Debug|Any CPU.Build.0 = Debug|Any CPU
		{7C3452D4-FB6A-431C-9DD1-41D2A62879D2}.Release|Any CPU.ActiveCfg = Release|Any CPU
		{7C3452D4-FB6A-431C-9DD1-41D2A62879D2}.Release|Any CPU.Build.0 = Release|Any CPU
		{D2C961CA-D3F8-4FA9-ACD7-73F7DC612EE2}.Debug|Any CPU.ActiveCfg = Debug|Any CPU
		{D2C961CA-D3F8-4FA9-ACD7-73F7DC612EE2}.Debug|Any CPU.Build.0 = Debug|Any CPU
		{D2C961CA-D3F8-4FA9-ACD7-73F7DC612EE2}.Release|Any CPU.ActiveCfg = Release|Any CPU
		{D2C961CA-D3F8-4FA9-ACD7-73F7DC612EE2}.Release|Any CPU.Build.0 = Release|Any CPU
	EndGlobalSection
	GlobalSection(SolutionProperties) = preSolution
		HideSolutionNode = FALSE
	EndGlobalSection
	GlobalSection(ExtensibilityGlobals) = postSolution
		SolutionGuid = {B8A29D77-F8AD-4FF5-96F8-ADF2BD2BF9BB}
	EndGlobalSection
EndGlobal
